// !$*UTF8*$!
{
	archiveVersion = 1;
	classes = {
	};
	objectVersion = 46;
	objects = {

/* Begin PBXBuildFile section */
		3E3568EE1D9A66050028E352 /* TasksTableCellView.swift in Sources */ = {isa = PBXBuildFile; fileRef = 3E3568ED1D9A66050028E352 /* TasksTableCellView.swift */; };
		3E3569211D9A82B80028E352 /* Task.swift in Sources */ = {isa = PBXBuildFile; fileRef = 3E3569201D9A82B80028E352 /* Task.swift */; };
		3E3569231D9B9E5E0028E352 /* NotificationTableCellView.swift in Sources */ = {isa = PBXBuildFile; fileRef = 3E3569221D9B9E5E0028E352 /* NotificationTableCellView.swift */; };
		3E3569251D9B9EA80028E352 /* NotificationViewController.swift in Sources */ = {isa = PBXBuildFile; fileRef = 3E3569241D9B9EA80028E352 /* NotificationViewController.swift */; };
		3E3569271D9BB6580028E352 /* AppNotification.swift in Sources */ = {isa = PBXBuildFile; fileRef = 3E3569261D9BB6580028E352 /* AppNotification.swift */; };
		3E3569671D9D2BB00028E352 /* LeftSideNavigationViewController.swift in Sources */ = {isa = PBXBuildFile; fileRef = 3E3569661D9D2BB00028E352 /* LeftSideNavigationViewController.swift */; };
		3E3569741D9D2C8D0028E352 /* MMDrawerBarButtonItem.m in Sources */ = {isa = PBXBuildFile; fileRef = 3E35696C1D9D2C8D0028E352 /* MMDrawerBarButtonItem.m */; };
		3E3569751D9D2C8D0028E352 /* MMDrawerController.m in Sources */ = {isa = PBXBuildFile; fileRef = 3E35696E1D9D2C8D0028E352 /* MMDrawerController.m */; };
		3E3569761D9D2C8D0028E352 /* MMDrawerVisualState.m in Sources */ = {isa = PBXBuildFile; fileRef = 3E3569711D9D2C8D0028E352 /* MMDrawerVisualState.m */; };
		3E3569771D9D2C8D0028E352 /* UIViewController+MMDrawerController.m in Sources */ = {isa = PBXBuildFile; fileRef = 3E3569731D9D2C8D0028E352 /* UIViewController+MMDrawerController.m */; };
		3E97A7121D8BCD1400814DE7 /* AppDelegate.swift in Sources */ = {isa = PBXBuildFile; fileRef = 3E97A7111D8BCD1400814DE7 /* AppDelegate.swift */; };
		3E97A7171D8BCD1400814DE7 /* Login.storyboard in Resources */ = {isa = PBXBuildFile; fileRef = 3E97A7151D8BCD1400814DE7 /* Login.storyboard */; };
		3E97A7191D8BCD1400814DE7 /* Assets.xcassets in Resources */ = {isa = PBXBuildFile; fileRef = 3E97A7181D8BCD1400814DE7 /* Assets.xcassets */; };
		3E97A71C1D8BCD1400814DE7 /* LaunchScreen.storyboard in Resources */ = {isa = PBXBuildFile; fileRef = 3E97A71A1D8BCD1400814DE7 /* LaunchScreen.storyboard */; };
		3E97A7271D8BCD1400814DE7 /* BookShelfAppTests.swift in Sources */ = {isa = PBXBuildFile; fileRef = 3E97A7261D8BCD1400814DE7 /* BookShelfAppTests.swift */; };
		3EBABAE11D93E84E001348CF /* ForgotPasswordViewController.swift in Sources */ = {isa = PBXBuildFile; fileRef = 3EBABAE01D93E84E001348CF /* ForgotPasswordViewController.swift */; };
		3EBABAE31D93E878001348CF /* SignUpViewController.swift in Sources */ = {isa = PBXBuildFile; fileRef = 3EBABAE21D93E878001348CF /* SignUpViewController.swift */; };
		3EBABAE51D94E35F001348CF /* Constants.swift in Sources */ = {isa = PBXBuildFile; fileRef = 3EBABAE41D94E35F001348CF /* Constants.swift */; };
		3EBABAEA1D94EB22001348CF /* CustomNavigationBarProtocol.swift in Sources */ = {isa = PBXBuildFile; fileRef = 3EBABAE91D94EB22001348CF /* CustomNavigationBarProtocol.swift */; };
		3EBABAEC1D94F0AF001348CF /* CommonUtil.swift in Sources */ = {isa = PBXBuildFile; fileRef = 3EBABAEB1D94F0AF001348CF /* CommonUtil.swift */; };
		3EBABAEE1D94F13F001348CF /* EmailValidationProtocol.swift in Sources */ = {isa = PBXBuildFile; fileRef = 3EBABAED1D94F13F001348CF /* EmailValidationProtocol.swift */; };
		3EBABAF01D952AD4001348CF /* Messages.swift in Sources */ = {isa = PBXBuildFile; fileRef = 3EBABAEF1D952AD4001348CF /* Messages.swift */; };
		3EBABAF21D952C64001348CF /* PasswordValidationProtocol.swift in Sources */ = {isa = PBXBuildFile; fileRef = 3EBABAF11D952C64001348CF /* PasswordValidationProtocol.swift */; };
		3EBABAF41D954197001348CF /* Main.storyboard in Resources */ = {isa = PBXBuildFile; fileRef = 3EBABAF31D954197001348CF /* Main.storyboard */; };
		3EBABAF61D954370001348CF /* HomeViewController.swift in Sources */ = {isa = PBXBuildFile; fileRef = 3EBABAF51D954370001348CF /* HomeViewController.swift */; };
		3EBABAF81D9543CD001348CF /* TasksViewController.swift in Sources */ = {isa = PBXBuildFile; fileRef = 3EBABAF71D9543CD001348CF /* TasksViewController.swift */; };
		3EBABAFA1D9543E0001348CF /* AddBookViewController.swift in Sources */ = {isa = PBXBuildFile; fileRef = 3EBABAF91D9543E0001348CF /* AddBookViewController.swift */; };
		3ED254DE1D93B8DA00B7F8F6 /* LoginViewController.swift in Sources */ = {isa = PBXBuildFile; fileRef = 3ED254DD1D93B8DA00B7F8F6 /* LoginViewController.swift */; };
		3ED254E01D93CD6200B7F8F6 /* Roboto-Light.ttf in Resources */ = {isa = PBXBuildFile; fileRef = 3ED254DF1D93CD6200B7F8F6 /* Roboto-Light.ttf */; };
		3ED254E21D93CDB100B7F8F6 /* Roboto-Medium.ttf in Resources */ = {isa = PBXBuildFile; fileRef = 3ED254E11D93CDB100B7F8F6 /* Roboto-Medium.ttf */; };
		3ED254E41D93CDBD00B7F8F6 /* Roboto-Regular.ttf in Resources */ = {isa = PBXBuildFile; fileRef = 3ED254E31D93CDBD00B7F8F6 /* Roboto-Regular.ttf */; };
/* End PBXBuildFile section */

/* Begin PBXContainerItemProxy section */
		3E97A7231D8BCD1400814DE7 /* PBXContainerItemProxy */ = {
			isa = PBXContainerItemProxy;
			containerPortal = 3E97A7061D8BCD1400814DE7 /* Project object */;
			proxyType = 1;
			remoteGlobalIDString = 3E97A70D1D8BCD1400814DE7;
			remoteInfo = BookShelfApp;
		};
/* End PBXContainerItemProxy section */

/* Begin PBXFileReference section */
		3E3568ED1D9A66050028E352 /* TasksTableCellView.swift */ = {isa = PBXFileReference; fileEncoding = 4; lastKnownFileType = sourcecode.swift; path = TasksTableCellView.swift; sourceTree = "<group>"; };
		3E3569201D9A82B80028E352 /* Task.swift */ = {isa = PBXFileReference; fileEncoding = 4; lastKnownFileType = sourcecode.swift; path = Task.swift; sourceTree = "<group>"; };
		3E3569221D9B9E5E0028E352 /* NotificationTableCellView.swift */ = {isa = PBXFileReference; fileEncoding = 4; lastKnownFileType = sourcecode.swift; path = NotificationTableCellView.swift; sourceTree = "<group>"; };
		3E3569241D9B9EA80028E352 /* NotificationViewController.swift */ = {isa = PBXFileReference; fileEncoding = 4; lastKnownFileType = sourcecode.swift; path = NotificationViewController.swift; sourceTree = "<group>"; };
		3E3569261D9BB6580028E352 /* AppNotification.swift */ = {isa = PBXFileReference; fileEncoding = 4; lastKnownFileType = sourcecode.swift; path = AppNotification.swift; sourceTree = "<group>"; };
		3E3569661D9D2BB00028E352 /* LeftSideNavigationViewController.swift */ = {isa = PBXFileReference; fileEncoding = 4; lastKnownFileType = sourcecode.swift; path = LeftSideNavigationViewController.swift; sourceTree = "<group>"; };
		3E35696A1D9D2C8C0028E352 /* BookShelfApp-Bridging-Header.h */ = {isa = PBXFileReference; lastKnownFileType = sourcecode.c.h; path = "BookShelfApp-Bridging-Header.h"; sourceTree = "<group>"; };
		3E35696B1D9D2C8D0028E352 /* MMDrawerBarButtonItem.h */ = {isa = PBXFileReference; fileEncoding = 4; lastKnownFileType = sourcecode.c.h; path = MMDrawerBarButtonItem.h; sourceTree = "<group>"; };
		3E35696C1D9D2C8D0028E352 /* MMDrawerBarButtonItem.m */ = {isa = PBXFileReference; fileEncoding = 4; lastKnownFileType = sourcecode.c.objc; path = MMDrawerBarButtonItem.m; sourceTree = "<group>"; };
		3E35696D1D9D2C8D0028E352 /* MMDrawerController.h */ = {isa = PBXFileReference; fileEncoding = 4; lastKnownFileType = sourcecode.c.h; path = MMDrawerController.h; sourceTree = "<group>"; };
		3E35696E1D9D2C8D0028E352 /* MMDrawerController.m */ = {isa = PBXFileReference; fileEncoding = 4; lastKnownFileType = sourcecode.c.objc; path = MMDrawerController.m; sourceTree = "<group>"; };
		3E35696F1D9D2C8D0028E352 /* MMDrawerController+Subclass.h */ = {isa = PBXFileReference; fileEncoding = 4; lastKnownFileType = sourcecode.c.h; path = "MMDrawerController+Subclass.h"; sourceTree = "<group>"; };
		3E3569701D9D2C8D0028E352 /* MMDrawerVisualState.h */ = {isa = PBXFileReference; fileEncoding = 4; lastKnownFileType = sourcecode.c.h; path = MMDrawerVisualState.h; sourceTree = "<group>"; };
		3E3569711D9D2C8D0028E352 /* MMDrawerVisualState.m */ = {isa = PBXFileReference; fileEncoding = 4; lastKnownFileType = sourcecode.c.objc; path = MMDrawerVisualState.m; sourceTree = "<group>"; };
		3E3569721D9D2C8D0028E352 /* UIViewController+MMDrawerController.h */ = {isa = PBXFileReference; fileEncoding = 4; lastKnownFileType = sourcecode.c.h; path = "UIViewController+MMDrawerController.h"; sourceTree = "<group>"; };
		3E3569731D9D2C8D0028E352 /* UIViewController+MMDrawerController.m */ = {isa = PBXFileReference; fileEncoding = 4; lastKnownFileType = sourcecode.c.objc; path = "UIViewController+MMDrawerController.m"; sourceTree = "<group>"; };
		3E97A70E1D8BCD1400814DE7 /* BookShelfApp.app */ = {isa = PBXFileReference; explicitFileType = wrapper.application; includeInIndex = 0; path = BookShelfApp.app; sourceTree = BUILT_PRODUCTS_DIR; };
		3E97A7111D8BCD1400814DE7 /* AppDelegate.swift */ = {isa = PBXFileReference; lastKnownFileType = sourcecode.swift; path = AppDelegate.swift; sourceTree = "<group>"; };
		3E97A7161D8BCD1400814DE7 /* Base */ = {isa = PBXFileReference; lastKnownFileType = file.storyboard; name = Base; path = Base.lproj/Login.storyboard; sourceTree = "<group>"; };
		3E97A7181D8BCD1400814DE7 /* Assets.xcassets */ = {isa = PBXFileReference; lastKnownFileType = folder.assetcatalog; path = Assets.xcassets; sourceTree = "<group>"; };
		3E97A71B1D8BCD1400814DE7 /* Base */ = {isa = PBXFileReference; lastKnownFileType = file.storyboard; name = Base; path = Base.lproj/LaunchScreen.storyboard; sourceTree = "<group>"; };
		3E97A71D1D8BCD1400814DE7 /* Info.plist */ = {isa = PBXFileReference; lastKnownFileType = text.plist.xml; path = Info.plist; sourceTree = "<group>"; };
		3E97A7221D8BCD1400814DE7 /* BookShelfAppTests.xctest */ = {isa = PBXFileReference; explicitFileType = wrapper.cfbundle; includeInIndex = 0; path = BookShelfAppTests.xctest; sourceTree = BUILT_PRODUCTS_DIR; };
		3E97A7261D8BCD1400814DE7 /* BookShelfAppTests.swift */ = {isa = PBXFileReference; lastKnownFileType = sourcecode.swift; path = BookShelfAppTests.swift; sourceTree = "<group>"; };
		3E97A7281D8BCD1400814DE7 /* Info.plist */ = {isa = PBXFileReference; lastKnownFileType = text.plist.xml; path = Info.plist; sourceTree = "<group>"; };
		3EBABAE01D93E84E001348CF /* ForgotPasswordViewController.swift */ = {isa = PBXFileReference; fileEncoding = 4; lastKnownFileType = sourcecode.swift; path = ForgotPasswordViewController.swift; sourceTree = "<group>"; };
		3EBABAE21D93E878001348CF /* SignUpViewController.swift */ = {isa = PBXFileReference; fileEncoding = 4; lastKnownFileType = sourcecode.swift; path = SignUpViewController.swift; sourceTree = "<group>"; };
		3EBABAE41D94E35F001348CF /* Constants.swift */ = {isa = PBXFileReference; fileEncoding = 4; lastKnownFileType = sourcecode.swift; path = Constants.swift; sourceTree = "<group>"; };
		3EBABAE91D94EB22001348CF /* CustomNavigationBarProtocol.swift */ = {isa = PBXFileReference; fileEncoding = 4; lastKnownFileType = sourcecode.swift; path = CustomNavigationBarProtocol.swift; sourceTree = "<group>"; };
		3EBABAEB1D94F0AF001348CF /* CommonUtil.swift */ = {isa = PBXFileReference; fileEncoding = 4; lastKnownFileType = sourcecode.swift; path = CommonUtil.swift; sourceTree = "<group>"; };
		3EBABAED1D94F13F001348CF /* EmailValidationProtocol.swift */ = {isa = PBXFileReference; fileEncoding = 4; lastKnownFileType = sourcecode.swift; path = EmailValidationProtocol.swift; sourceTree = "<group>"; };
		3EBABAEF1D952AD4001348CF /* Messages.swift */ = {isa = PBXFileReference; fileEncoding = 4; lastKnownFileType = sourcecode.swift; path = Messages.swift; sourceTree = "<group>"; };
		3EBABAF11D952C64001348CF /* PasswordValidationProtocol.swift */ = {isa = PBXFileReference; fileEncoding = 4; lastKnownFileType = sourcecode.swift; path = PasswordValidationProtocol.swift; sourceTree = "<group>"; };
		3EBABAF31D954197001348CF /* Main.storyboard */ = {isa = PBXFileReference; fileEncoding = 4; lastKnownFileType = file.storyboard; path = Main.storyboard; sourceTree = "<group>"; };
		3EBABAF51D954370001348CF /* HomeViewController.swift */ = {isa = PBXFileReference; fileEncoding = 4; lastKnownFileType = sourcecode.swift; path = HomeViewController.swift; sourceTree = "<group>"; };
		3EBABAF71D9543CD001348CF /* TasksViewController.swift */ = {isa = PBXFileReference; fileEncoding = 4; lastKnownFileType = sourcecode.swift; path = TasksViewController.swift; sourceTree = "<group>"; };
		3EBABAF91D9543E0001348CF /* AddBookViewController.swift */ = {isa = PBXFileReference; fileEncoding = 4; lastKnownFileType = sourcecode.swift; path = AddBookViewController.swift; sourceTree = "<group>"; };
		3ED254DD1D93B8DA00B7F8F6 /* LoginViewController.swift */ = {isa = PBXFileReference; fileEncoding = 4; lastKnownFileType = sourcecode.swift; path = LoginViewController.swift; sourceTree = "<group>"; };
		3ED254DF1D93CD6200B7F8F6 /* Roboto-Light.ttf */ = {isa = PBXFileReference; lastKnownFileType = file; path = "Roboto-Light.ttf"; sourceTree = "<group>"; };
		3ED254E11D93CDB100B7F8F6 /* Roboto-Medium.ttf */ = {isa = PBXFileReference; lastKnownFileType = file; path = "Roboto-Medium.ttf"; sourceTree = "<group>"; };
		3ED254E31D93CDBD00B7F8F6 /* Roboto-Regular.ttf */ = {isa = PBXFileReference; lastKnownFileType = file; path = "Roboto-Regular.ttf"; sourceTree = "<group>"; };
/* End PBXFileReference section */

/* Begin PBXFrameworksBuildPhase section */
		3E97A70B1D8BCD1400814DE7 /* Frameworks */ = {
			isa = PBXFrameworksBuildPhase;
			buildActionMask = 2147483647;
			files = (
			);
			runOnlyForDeploymentPostprocessing = 0;
		};
		3E97A71F1D8BCD1400814DE7 /* Frameworks */ = {
			isa = PBXFrameworksBuildPhase;
			buildActionMask = 2147483647;
			files = (
			);
			runOnlyForDeploymentPostprocessing = 0;
		};
/* End PBXFrameworksBuildPhase section */

/* Begin PBXGroup section */
		3E35691F1D9A82A30028E352 /* Model */ = {
			isa = PBXGroup;
			children = (
				3E3569201D9A82B80028E352 /* Task.swift */,
				3E3569261D9BB6580028E352 /* AppNotification.swift */,
			);
			name = Model;
			sourceTree = "<group>";
		};
		3E3569281D9D056C0028E352 /* Protocols */ = {
			isa = PBXGroup;
			children = (
				3EBABAE91D94EB22001348CF /* CustomNavigationBarProtocol.swift */,
				3EBABAED1D94F13F001348CF /* EmailValidationProtocol.swift */,
				3EBABAF11D952C64001348CF /* PasswordValidationProtocol.swift */,
			);
			name = Protocols;
			sourceTree = "<group>";
		};
		3E3569691D9D2C740028E352 /* MMDrawer */ = {
			isa = PBXGroup;
			children = (
				3E35696B1D9D2C8D0028E352 /* MMDrawerBarButtonItem.h */,
				3E35696C1D9D2C8D0028E352 /* MMDrawerBarButtonItem.m */,
				3E35696D1D9D2C8D0028E352 /* MMDrawerController.h */,
				3E35696E1D9D2C8D0028E352 /* MMDrawerController.m */,
				3E35696F1D9D2C8D0028E352 /* MMDrawerController+Subclass.h */,
				3E3569701D9D2C8D0028E352 /* MMDrawerVisualState.h */,
				3E3569711D9D2C8D0028E352 /* MMDrawerVisualState.m */,
				3E3569721D9D2C8D0028E352 /* UIViewController+MMDrawerController.h */,
				3E3569731D9D2C8D0028E352 /* UIViewController+MMDrawerController.m */,
			);
			name = MMDrawer;
			sourceTree = "<group>";
		};
		3E97A7051D8BCD1400814DE7 = {
			isa = PBXGroup;
			children = (
				3E97A7101D8BCD1400814DE7 /* BookShelfApp */,
				3E97A7251D8BCD1400814DE7 /* BookShelfAppTests */,
				3E97A70F1D8BCD1400814DE7 /* Products */,
			);
			sourceTree = "<group>";
		};
		3E97A70F1D8BCD1400814DE7 /* Products */ = {
			isa = PBXGroup;
			children = (
				3E97A70E1D8BCD1400814DE7 /* BookShelfApp.app */,
				3E97A7221D8BCD1400814DE7 /* BookShelfAppTests.xctest */,
			);
			name = Products;
			sourceTree = "<group>";
		};
		3E97A7101D8BCD1400814DE7 /* BookShelfApp */ = {
			isa = PBXGroup;
			children = (
				3E3569691D9D2C740028E352 /* MMDrawer */,
				3E35691F1D9A82A30028E352 /* Model */,
				3E97A7111D8BCD1400814DE7 /* AppDelegate.swift */,
				3EBABAE61D94E579001348CF /* View */,
				3EBABAE71D94E5A6001348CF /* Utils */,
				3EBABAE81D94E5CF001348CF /* Fonts */,
				3E3569281D9D056C0028E352 /* Protocols */,
				3E97A7181D8BCD1400814DE7 /* Assets.xcassets */,
				3E97A71A1D8BCD1400814DE7 /* LaunchScreen.storyboard */,
				3E97A71D1D8BCD1400814DE7 /* Info.plist */,
				3E35696A1D9D2C8C0028E352 /* BookShelfApp-Bridging-Header.h */,
			);
			path = BookShelfApp;
			sourceTree = "<group>";
		};
		3E97A7251D8BCD1400814DE7 /* BookShelfAppTests */ = {
			isa = PBXGroup;
			children = (
				3E97A7261D8BCD1400814DE7 /* BookShelfAppTests.swift */,
				3E97A7281D8BCD1400814DE7 /* Info.plist */,
			);
			path = BookShelfAppTests;
			sourceTree = "<group>";
		};
		3EBABAE61D94E579001348CF /* View */ = {
			isa = PBXGroup;
			children = (
				3EBABAFC1D95452A001348CF /* Main */,
				3EBABAFB1D95450C001348CF /* Login */,
			);
			name = View;
			sourceTree = "<group>";
		};
		3EBABAE71D94E5A6001348CF /* Utils */ = {
			isa = PBXGroup;
			children = (
				3EBABAE41D94E35F001348CF /* Constants.swift */,
				3EBABAEB1D94F0AF001348CF /* CommonUtil.swift */,
				3EBABAEF1D952AD4001348CF /* Messages.swift */,
			);
			name = Utils;
			sourceTree = "<group>";
		};
		3EBABAE81D94E5CF001348CF /* Fonts */ = {
			isa = PBXGroup;
			children = (
				3ED254E11D93CDB100B7F8F6 /* Roboto-Medium.ttf */,
				3ED254E31D93CDBD00B7F8F6 /* Roboto-Regular.ttf */,
				3ED254DF1D93CD6200B7F8F6 /* Roboto-Light.ttf */,
			);
			name = Fonts;
			sourceTree = "<group>";
		};
		3EBABAFB1D95450C001348CF /* Login */ = {
			isa = PBXGroup;
			children = (
				3ED254DD1D93B8DA00B7F8F6 /* LoginViewController.swift */,
				3EBABAE21D93E878001348CF /* SignUpViewController.swift */,
				3EBABAE01D93E84E001348CF /* ForgotPasswordViewController.swift */,
				3E97A7151D8BCD1400814DE7 /* Login.storyboard */,
			);
			name = Login;
			sourceTree = "<group>";
		};
		3EBABAFC1D95452A001348CF /* Main */ = {
			isa = PBXGroup;
			children = (
				3EBABAF31D954197001348CF /* Main.storyboard */,
				3EBABAF51D954370001348CF /* HomeViewController.swift */,
				3EBABAF71D9543CD001348CF /* TasksViewController.swift */,
				3E3569661D9D2BB00028E352 /* LeftSideNavigationViewController.swift */,
				3E3569241D9B9EA80028E352 /* NotificationViewController.swift */,
				3E3568ED1D9A66050028E352 /* TasksTableCellView.swift */,
				3E3569221D9B9E5E0028E352 /* NotificationTableCellView.swift */,
				3EBABAF91D9543E0001348CF /* AddBookViewController.swift */,
			);
			name = Main;
			sourceTree = "<group>";
		};
/* End PBXGroup section */

/* Begin PBXNativeTarget section */
		3E97A70D1D8BCD1400814DE7 /* BookShelfApp */ = {
			isa = PBXNativeTarget;
			buildConfigurationList = 3E97A72B1D8BCD1400814DE7 /* Build configuration list for PBXNativeTarget "BookShelfApp" */;
			buildPhases = (
				3E97A70A1D8BCD1400814DE7 /* Sources */,
				3E97A70B1D8BCD1400814DE7 /* Frameworks */,
				3E97A70C1D8BCD1400814DE7 /* Resources */,
			);
			buildRules = (
			);
			dependencies = (
			);
			name = BookShelfApp;
			productName = BookShelfApp;
			productReference = 3E97A70E1D8BCD1400814DE7 /* BookShelfApp.app */;
			productType = "com.apple.product-type.application";
		};
		3E97A7211D8BCD1400814DE7 /* BookShelfAppTests */ = {
			isa = PBXNativeTarget;
			buildConfigurationList = 3E97A72E1D8BCD1400814DE7 /* Build configuration list for PBXNativeTarget "BookShelfAppTests" */;
			buildPhases = (
				3E97A71E1D8BCD1400814DE7 /* Sources */,
				3E97A71F1D8BCD1400814DE7 /* Frameworks */,
				3E97A7201D8BCD1400814DE7 /* Resources */,
			);
			buildRules = (
			);
			dependencies = (
				3E97A7241D8BCD1400814DE7 /* PBXTargetDependency */,
			);
			name = BookShelfAppTests;
			productName = BookShelfAppTests;
			productReference = 3E97A7221D8BCD1400814DE7 /* BookShelfAppTests.xctest */;
			productType = "com.apple.product-type.bundle.unit-test";
		};
/* End PBXNativeTarget section */

/* Begin PBXProject section */
		3E97A7061D8BCD1400814DE7 /* Project object */ = {
			isa = PBXProject;
			attributes = {
				LastSwiftUpdateCheck = 0730;
				LastUpgradeCheck = 0730;
				ORGANIZATIONNAME = Talentica;
				TargetAttributes = {
					3E97A70D1D8BCD1400814DE7 = {
						CreatedOnToolsVersion = 7.3.1;
						LastSwiftMigration = 0800;
					};
					3E97A7211D8BCD1400814DE7 = {
						CreatedOnToolsVersion = 7.3.1;
						LastSwiftMigration = 0800;
						TestTargetID = 3E97A70D1D8BCD1400814DE7;
					};
				};
			};
			buildConfigurationList = 3E97A7091D8BCD1400814DE7 /* Build configuration list for PBXProject "BookShelfApp" */;
			compatibilityVersion = "Xcode 3.2";
			developmentRegion = English;
			hasScannedForEncodings = 0;
			knownRegions = (
				en,
				Base,
			);
			mainGroup = 3E97A7051D8BCD1400814DE7;
			productRefGroup = 3E97A70F1D8BCD1400814DE7 /* Products */;
			projectDirPath = "";
			projectRoot = "";
			targets = (
				3E97A70D1D8BCD1400814DE7 /* BookShelfApp */,
				3E97A7211D8BCD1400814DE7 /* BookShelfAppTests */,
			);
		};
/* End PBXProject section */

/* Begin PBXResourcesBuildPhase section */
		3E97A70C1D8BCD1400814DE7 /* Resources */ = {
			isa = PBXResourcesBuildPhase;
			buildActionMask = 2147483647;
			files = (
				3EBABAF41D954197001348CF /* Main.storyboard in Resources */,
				3ED254E41D93CDBD00B7F8F6 /* Roboto-Regular.ttf in Resources */,
				3ED254E21D93CDB100B7F8F6 /* Roboto-Medium.ttf in Resources */,
				3E97A71C1D8BCD1400814DE7 /* LaunchScreen.storyboard in Resources */,
				3E97A7191D8BCD1400814DE7 /* Assets.xcassets in Resources */,
				3ED254E01D93CD6200B7F8F6 /* Roboto-Light.ttf in Resources */,
				3E97A7171D8BCD1400814DE7 /* Login.storyboard in Resources */,
			);
			runOnlyForDeploymentPostprocessing = 0;
		};
		3E97A7201D8BCD1400814DE7 /* Resources */ = {
			isa = PBXResourcesBuildPhase;
			buildActionMask = 2147483647;
			files = (
			);
			runOnlyForDeploymentPostprocessing = 0;
		};
/* End PBXResourcesBuildPhase section */

/* Begin PBXSourcesBuildPhase section */
		3E97A70A1D8BCD1400814DE7 /* Sources */ = {
			isa = PBXSourcesBuildPhase;
			buildActionMask = 2147483647;
			files = (
				3EBABAE51D94E35F001348CF /* Constants.swift in Sources */,
				3EBABAF01D952AD4001348CF /* Messages.swift in Sources */,
				3E3569761D9D2C8D0028E352 /* MMDrawerVisualState.m in Sources */,
				3E3569271D9BB6580028E352 /* AppNotification.swift in Sources */,
				3ED254DE1D93B8DA00B7F8F6 /* LoginViewController.swift in Sources */,
				3EBABAFA1D9543E0001348CF /* AddBookViewController.swift in Sources */,
				3E3569231D9B9E5E0028E352 /* NotificationTableCellView.swift in Sources */,
				3EBABAEA1D94EB22001348CF /* CustomNavigationBarProtocol.swift in Sources */,
				3E97A7121D8BCD1400814DE7 /* AppDelegate.swift in Sources */,
				3EBABAF81D9543CD001348CF /* TasksViewController.swift in Sources */,
				3EBABAE31D93E878001348CF /* SignUpViewController.swift in Sources */,
				3E3569671D9D2BB00028E352 /* LeftSideNavigationViewController.swift in Sources */,
				3E3569211D9A82B80028E352 /* Task.swift in Sources */,
				3EBABAF21D952C64001348CF /* PasswordValidationProtocol.swift in Sources */,
				3EBABAF61D954370001348CF /* HomeViewController.swift in Sources */,
				3E3569251D9B9EA80028E352 /* NotificationViewController.swift in Sources */,
				3EBABAEE1D94F13F001348CF /* EmailValidationProtocol.swift in Sources */,
				3E3569771D9D2C8D0028E352 /* UIViewController+MMDrawerController.m in Sources */,
				3E3569751D9D2C8D0028E352 /* MMDrawerController.m in Sources */,
				3EBABAE11D93E84E001348CF /* ForgotPasswordViewController.swift in Sources */,
				3E3569741D9D2C8D0028E352 /* MMDrawerBarButtonItem.m in Sources */,
				3E3568EE1D9A66050028E352 /* TasksTableCellView.swift in Sources */,
				3EBABAEC1D94F0AF001348CF /* CommonUtil.swift in Sources */,
			);
			runOnlyForDeploymentPostprocessing = 0;
		};
		3E97A71E1D8BCD1400814DE7 /* Sources */ = {
			isa = PBXSourcesBuildPhase;
			buildActionMask = 2147483647;
			files = (
				3E97A7271D8BCD1400814DE7 /* BookShelfAppTests.swift in Sources */,
			);
			runOnlyForDeploymentPostprocessing = 0;
		};
/* End PBXSourcesBuildPhase section */

/* Begin PBXTargetDependency section */
		3E97A7241D8BCD1400814DE7 /* PBXTargetDependency */ = {
			isa = PBXTargetDependency;
			target = 3E97A70D1D8BCD1400814DE7 /* BookShelfApp */;
			targetProxy = 3E97A7231D8BCD1400814DE7 /* PBXContainerItemProxy */;
		};
/* End PBXTargetDependency section */

/* Begin PBXVariantGroup section */
		3E97A7151D8BCD1400814DE7 /* Login.storyboard */ = {
			isa = PBXVariantGroup;
			children = (
				3E97A7161D8BCD1400814DE7 /* Base */,
			);
			name = Login.storyboard;
			sourceTree = "<group>";
		};
		3E97A71A1D8BCD1400814DE7 /* LaunchScreen.storyboard */ = {
			isa = PBXVariantGroup;
			children = (
				3E97A71B1D8BCD1400814DE7 /* Base */,
			);
			name = LaunchScreen.storyboard;
			sourceTree = "<group>";
		};
/* End PBXVariantGroup section */

/* Begin XCBuildConfiguration section */
		3E97A7291D8BCD1400814DE7 /* Debug */ = {
			isa = XCBuildConfiguration;
			buildSettings = {
				ALWAYS_SEARCH_USER_PATHS = NO;
				CLANG_ANALYZER_NONNULL = YES;
				CLANG_CXX_LANGUAGE_STANDARD = "gnu++0x";
				CLANG_CXX_LIBRARY = "libc++";
				CLANG_ENABLE_MODULES = YES;
				CLANG_ENABLE_OBJC_ARC = YES;
				CLANG_WARN_BOOL_CONVERSION = YES;
				CLANG_WARN_CONSTANT_CONVERSION = YES;
				CLANG_WARN_DIRECT_OBJC_ISA_USAGE = YES_ERROR;
				CLANG_WARN_EMPTY_BODY = YES;
				CLANG_WARN_ENUM_CONVERSION = YES;
				CLANG_WARN_INT_CONVERSION = YES;
				CLANG_WARN_OBJC_ROOT_CLASS = YES_ERROR;
				CLANG_WARN_UNREACHABLE_CODE = YES;
				CLANG_WARN__DUPLICATE_METHOD_MATCH = YES;
				"CODE_SIGN_IDENTITY[sdk=iphoneos*]" = "iPhone Developer";
				COPY_PHASE_STRIP = NO;
				DEBUG_INFORMATION_FORMAT = dwarf;
				ENABLE_STRICT_OBJC_MSGSEND = YES;
				ENABLE_TESTABILITY = YES;
				GCC_C_LANGUAGE_STANDARD = gnu99;
				GCC_DYNAMIC_NO_PIC = NO;
				GCC_NO_COMMON_BLOCKS = YES;
				GCC_OPTIMIZATION_LEVEL = 0;
				GCC_PREPROCESSOR_DEFINITIONS = (
					"DEBUG=1",
					"$(inherited)",
				);
				GCC_WARN_64_TO_32_BIT_CONVERSION = YES;
				GCC_WARN_ABOUT_RETURN_TYPE = YES_ERROR;
				GCC_WARN_UNDECLARED_SELECTOR = YES;
				GCC_WARN_UNINITIALIZED_AUTOS = YES_AGGRESSIVE;
				GCC_WARN_UNUSED_FUNCTION = YES;
				GCC_WARN_UNUSED_VARIABLE = YES;
				IPHONEOS_DEPLOYMENT_TARGET = 9.3;
				MTL_ENABLE_DEBUG_INFO = YES;
				ONLY_ACTIVE_ARCH = YES;
				SDKROOT = iphoneos;
				SWIFT_OPTIMIZATION_LEVEL = "-Onone";
			};
			name = Debug;
		};
		3E97A72A1D8BCD1400814DE7 /* Release */ = {
			isa = XCBuildConfiguration;
			buildSettings = {
				ALWAYS_SEARCH_USER_PATHS = NO;
				CLANG_ANALYZER_NONNULL = YES;
				CLANG_CXX_LANGUAGE_STANDARD = "gnu++0x";
				CLANG_CXX_LIBRARY = "libc++";
				CLANG_ENABLE_MODULES = YES;
				CLANG_ENABLE_OBJC_ARC = YES;
				CLANG_WARN_BOOL_CONVERSION = YES;
				CLANG_WARN_CONSTANT_CONVERSION = YES;
				CLANG_WARN_DIRECT_OBJC_ISA_USAGE = YES_ERROR;
				CLANG_WARN_EMPTY_BODY = YES;
				CLANG_WARN_ENUM_CONVERSION = YES;
				CLANG_WARN_INT_CONVERSION = YES;
				CLANG_WARN_OBJC_ROOT_CLASS = YES_ERROR;
				CLANG_WARN_UNREACHABLE_CODE = YES;
				CLANG_WARN__DUPLICATE_METHOD_MATCH = YES;
				"CODE_SIGN_IDENTITY[sdk=iphoneos*]" = "iPhone Developer";
				COPY_PHASE_STRIP = NO;
				DEBUG_INFORMATION_FORMAT = "dwarf-with-dsym";
				ENABLE_NS_ASSERTIONS = NO;
				ENABLE_STRICT_OBJC_MSGSEND = YES;
				GCC_C_LANGUAGE_STANDARD = gnu99;
				GCC_NO_COMMON_BLOCKS = YES;
				GCC_WARN_64_TO_32_BIT_CONVERSION = YES;
				GCC_WARN_ABOUT_RETURN_TYPE = YES_ERROR;
				GCC_WARN_UNDECLARED_SELECTOR = YES;
				GCC_WARN_UNINITIALIZED_AUTOS = YES_AGGRESSIVE;
				GCC_WARN_UNUSED_FUNCTION = YES;
				GCC_WARN_UNUSED_VARIABLE = YES;
				IPHONEOS_DEPLOYMENT_TARGET = 9.3;
				MTL_ENABLE_DEBUG_INFO = NO;
				SDKROOT = iphoneos;
				VALIDATE_PRODUCT = YES;
			};
			name = Release;
		};
		3E97A72C1D8BCD1400814DE7 /* Debug */ = {
			isa = XCBuildConfiguration;
			buildSettings = {
				ASSETCATALOG_COMPILER_APPICON_NAME = AppIcon;
				CLANG_ENABLE_MODULES = YES;
				INFOPLIST_FILE = BookShelfApp/Info.plist;
				LD_RUNPATH_SEARCH_PATHS = "$(inherited) @executable_path/Frameworks";
				PRODUCT_BUNDLE_IDENTIFIER = com.talentica.BookShelfApp;
				PRODUCT_NAME = "$(TARGET_NAME)";
				SWIFT_OBJC_BRIDGING_HEADER = "BookShelfApp/BookShelfApp-Bridging-Header.h";
				SWIFT_OPTIMIZATION_LEVEL = "-Onone";
				SWIFT_VERSION = 3.0;
			};
			name = Debug;
		};
		3E97A72D1D8BCD1400814DE7 /* Release */ = {
			isa = XCBuildConfiguration;
			buildSettings = {
				ASSETCATALOG_COMPILER_APPICON_NAME = AppIcon;
				CLANG_ENABLE_MODULES = YES;
				INFOPLIST_FILE = BookShelfApp/Info.plist;
				LD_RUNPATH_SEARCH_PATHS = "$(inherited) @executable_path/Frameworks";
				PRODUCT_BUNDLE_IDENTIFIER = com.talentica.BookShelfApp;
				PRODUCT_NAME = "$(TARGET_NAME)";
				SWIFT_OBJC_BRIDGING_HEADER = "BookShelfApp/BookShelfApp-Bridging-Header.h";
				SWIFT_VERSION = 3.0;
			};
			name = Release;
		};
		3E97A72F1D8BCD1400814DE7 /* Debug */ = {
			isa = XCBuildConfiguration;
			buildSettings = {
				BUNDLE_LOADER = "$(TEST_HOST)";
				INFOPLIST_FILE = BookShelfAppTests/Info.plist;
				LD_RUNPATH_SEARCH_PATHS = "$(inherited) @executable_path/Frameworks @loader_path/Frameworks";
				PRODUCT_BUNDLE_IDENTIFIER = com.talentica.BookShelfAppTests;
				PRODUCT_NAME = "$(TARGET_NAME)";
				SWIFT_VERSION = 3.0;
				TEST_HOST = "$(BUILT_PRODUCTS_DIR)/BookShelfApp.app/BookShelfApp";
			};
			name = Debug;
		};
		3E97A7301D8BCD1400814DE7 /* Release */ = {
			isa = XCBuildConfiguration;
			buildSettings = {
				BUNDLE_LOADER = "$(TEST_HOST)";
				INFOPLIST_FILE = BookShelfAppTests/Info.plist;
				LD_RUNPATH_SEARCH_PATHS = "$(inherited) @executable_path/Frameworks @loader_path/Frameworks";
				PRODUCT_BUNDLE_IDENTIFIER = com.talentica.BookShelfAppTests;
				PRODUCT_NAME = "$(TARGET_NAME)";
				SWIFT_VERSION = 3.0;
				TEST_HOST = "$(BUILT_PRODUCTS_DIR)/BookShelfApp.app/BookShelfApp";
			};
			name = Release;
		};
/* End XCBuildConfiguration section */

/* Begin XCConfigurationList section */
		3E97A7091D8BCD1400814DE7 /* Build configuration list for PBXProject "BookShelfApp" */ = {
			isa = XCConfigurationList;
			buildConfigurations = (
				3E97A7291D8BCD1400814DE7 /* Debug */,
				3E97A72A1D8BCD1400814DE7 /* Release */,
			);
			defaultConfigurationIsVisible = 0;
			defaultConfigurationName = Release;
		};
		3E97A72B1D8BCD1400814DE7 /* Build configuration list for PBXNativeTarget "BookShelfApp" */ = {
			isa = XCConfigurationList;
			buildConfigurations = (
				3E97A72C1D8BCD1400814DE7 /* Debug */,
				3E97A72D1D8BCD1400814DE7 /* Release */,
			);
			defaultConfigurationIsVisible = 0;
			defaultConfigurationName = Release;
		};
		3E97A72E1D8BCD1400814DE7 /* Build configuration list for PBXNativeTarget "BookShelfAppTests" */ = {
			isa = XCConfigurationList;
			buildConfigurations = (
				3E97A72F1D8BCD1400814DE7 /* Debug */,
				3E97A7301D8BCD1400814DE7 /* Release */,
			);
			defaultConfigurationIsVisible = 0;
			defaultConfigurationName = Release;
		};
/* End XCConfigurationList section */
	};
	rootObject = 3E97A7061D8BCD1400814DE7 /* Project object */;
}
